
Microsoft Visual Studio Solution File, Format Version 12.00
# Visual Studio 2013
VisualStudioVersion = 12.0.21005.1
MinimumVisualStudioVersion = 10.0.40219.1
Project("{E24C65DC-7377-472B-9ABA-BC803B73C61A}") = "1.WebForm", "http://localhost:18464", "{19D647C6-DA3C-4F99-8903-9038C71A7F4E}"
	ProjectSection(WebsiteProperties) = preProject
		UseIISExpress = "true"
		TargetFrameworkMoniker = ".NETFramework,Version%3Dv4.5"
		Debug.AspNetCompiler.VirtualPath = "/localhost_18464"
		Debug.AspNetCompiler.PhysicalPath = "1.WebForm\"
		Debug.AspNetCompiler.TargetPath = "PrecompiledWeb\localhost_18464\"
		Debug.AspNetCompiler.Updateable = "true"
		Debug.AspNetCompiler.ForceOverwrite = "true"
		Debug.AspNetCompiler.FixedNames = "false"
		Debug.AspNetCompiler.Debug = "True"
		Release.AspNetCompiler.VirtualPath = "/localhost_18464"
		Release.AspNetCompiler.PhysicalPath = "1.WebForm\"
		Release.AspNetCompiler.TargetPath = "PrecompiledWeb\localhost_18464\"
		Release.AspNetCompiler.Updateable = "true"
		Release.AspNetCompiler.ForceOverwrite = "true"
		Release.AspNetCompiler.FixedNames = "false"
		Release.AspNetCompiler.Debug = "False"
		SlnRelativePath = "1.WebForm\"
		DefaultWebSiteLanguage = "Visual C#"
	EndProjectSection
EndProject
Project("{E24C65DC-7377-472B-9ABA-BC803B73C61A}") = "2.CreatTable", "http://localhost:20635", "{6F135593-6DC2-4319-B4B2-A8968E5FF8B0}"
	ProjectSection(WebsiteProperties) = preProject
		UseIISExpress = "true"
		TargetFrameworkMoniker = ".NETFramework,Version%3Dv4.5"
		Debug.AspNetCompiler.VirtualPath = "/localhost_20635"
		Debug.AspNetCompiler.PhysicalPath = "2.CreatTable\"
		Debug.AspNetCompiler.TargetPath = "PrecompiledWeb\localhost_20635\"
		Debug.AspNetCompiler.Updateable = "true"
		Debug.AspNetCompiler.ForceOverwrite = "true"
		Debug.AspNetCompiler.FixedNames = "false"
		Debug.AspNetCompiler.Debug = "True"
		Release.AspNetCompiler.VirtualPath = "/localhost_20635"
		Release.AspNetCompiler.PhysicalPath = "2.CreatTable\"
		Release.AspNetCompiler.TargetPath = "PrecompiledWeb\localhost_20635\"
		Release.AspNetCompiler.Updateable = "true"
		Release.AspNetCompiler.ForceOverwrite = "true"
		Release.AspNetCompiler.FixedNames = "false"
		Release.AspNetCompiler.Debug = "False"
		SlnRelativePath = "2.CreatTable\"
		DefaultWebSiteLanguage = "Visual C#"
	EndProjectSection
EndProject
Project("{E24C65DC-7377-472B-9ABA-BC803B73C61A}") = "3.CreatAnotherTable", "http://localhost:22665", "{0B166423-6D4C-459B-BC05-EA5680F1AABC}"
	ProjectSection(WebsiteProperties) = preProject
		UseIISExpress = "true"
		TargetFrameworkMoniker = ".NETFramework,Version%3Dv4.5"
		Debug.AspNetCompiler.VirtualPath = "/localhost_22665"
		Debug.AspNetCompiler.PhysicalPath = "3.CreatAnotherTable\"
		Debug.AspNetCompiler.TargetPath = "PrecompiledWeb\localhost_22665\"
		Debug.AspNetCompiler.Updateable = "true"
		Debug.AspNetCompiler.ForceOverwrite = "true"
		Debug.AspNetCompiler.FixedNames = "false"
		Debug.AspNetCompiler.Debug = "True"
		Release.AspNetCompiler.VirtualPath = "/localhost_22665"
		Release.AspNetCompiler.PhysicalPath = "3.CreatAnotherTable\"
		Release.AspNetCompiler.TargetPath = "PrecompiledWeb\localhost_22665\"
		Release.AspNetCompiler.Updateable = "true"
		Release.AspNetCompiler.ForceOverwrite = "true"
		Release.AspNetCompiler.FixedNames = "false"
		Release.AspNetCompiler.Debug = "False"
		SlnRelativePath = "3.CreatAnotherTable\"
		DefaultWebSiteLanguage = "Visual C#"
	EndProjectSection
EndProject
Project("{E24C65DC-7377-472B-9ABA-BC803B73C61A}") = "4.AdvertisingLaptops", "http://localhost:31183", "{A56B6773-800F-4BD4-AA74-D1395D4D6BDD}"
	ProjectSection(WebsiteProperties) = preProject
		UseIISExpress = "true"
		TargetFrameworkMoniker = ".NETFramework,Version%3Dv4.5"
		Debug.AspNetCompiler.VirtualPath = "/localhost_31183"
		Debug.AspNetCompiler.PhysicalPath = "4.AdvertisingLaptops\"
		Debug.AspNetCompiler.TargetPath = "PrecompiledWeb\localhost_31183\"
		Debug.AspNetCompiler.Updateable = "true"
		Debug.AspNetCompiler.ForceOverwrite = "true"
		Debug.AspNetCompiler.FixedNames = "false"
		Debug.AspNetCompiler.Debug = "True"
		Release.AspNetCompiler.VirtualPath = "/localhost_31183"
		Release.AspNetCompiler.PhysicalPath = "4.AdvertisingLaptops\"
		Release.AspNetCompiler.TargetPath = "PrecompiledWeb\localhost_31183\"
		Release.AspNetCompiler.Updateable = "true"
		Release.AspNetCompiler.ForceOverwrite = "true"
		Release.AspNetCompiler.FixedNames = "false"
		Release.AspNetCompiler.Debug = "False"
		SlnRelativePath = "4.AdvertisingLaptops\"
		DefaultWebSiteLanguage = "Visual C#"
	EndProjectSection
EndProject
Global
	GlobalSection(SolutionConfigurationPlatforms) = preSolution
		Debug|Any CPU = Debug|Any CPU
	EndGlobalSection
	GlobalSection(ProjectConfigurationPlatforms) = postSolution
		{19D647C6-DA3C-4F99-8903-9038C71A7F4E}.Debug|Any CPU.ActiveCfg = Debug|Any CPU
		{19D647C6-DA3C-4F99-8903-9038C71A7F4E}.Debug|Any CPU.Build.0 = Debug|Any CPU
		{6F135593-6DC2-4319-B4B2-A8968E5FF8B0}.Debug|Any CPU.ActiveCfg = Debug|Any CPU
		{6F135593-6DC2-4319-B4B2-A8968E5FF8B0}.Debug|Any CPU.Build.0 = Debug|Any CPU
		{0B166423-6D4C-459B-BC05-EA5680F1AABC}.Debug|Any CPU.ActiveCfg = Debug|Any CPU
		{0B166423-6D4C-459B-BC05-EA5680F1AABC}.Debug|Any CPU.Build.0 = Debug|Any CPU
		{A56B6773-800F-4BD4-AA74-D1395D4D6BDD}.Debug|Any CPU.ActiveCfg = Debug|Any CPU
		{A56B6773-800F-4BD4-AA74-D1395D4D6BDD}.Debug|Any CPU.Build.0 = Debug|Any CPU
	EndGlobalSection
	GlobalSection(SolutionProperties) = preSolution
		HideSolutionNode = FALSE
	EndGlobalSection
EndGlobal
