
Microsoft Visual Studio Solution File, Format Version 12.00
# Visual Studio 2013
VisualStudioVersion = 12.0.21005.1
MinimumVisualStudioVersion = 10.0.40219.1
Project("{FAE04EC0-301F-11D3-BF4B-00C04F79EFBC}") = "01.LeapYear", "01.LeapYear\01.LeapYear.csproj", "{CC74BAA3-7781-411B-9EC8-CBA7F2F10BBB}"
EndProject
Project("{FAE04EC0-301F-11D3-BF4B-00C04F79EFBC}") = "02.RandomNumbers", "02.RandomNumbers\02.RandomNumbers.csproj", "{07FA251B-0330-42BF-B774-D25335BF99E9}"
EndProject
Project("{FAE04EC0-301F-11D3-BF4B-00C04F79EFBC}") = "03.DayOfWeek", "03.DayOfWeek\03.DayOfWeek.csproj", "{4B13AB76-4BF4-4AFF-8052-633890198FA6}"
EndProject
Project("{FAE04EC0-301F-11D3-BF4B-00C04F79EFBC}") = "04.TriangleSurface", "04.TriangleSurface\04.TriangleSurface.csproj", "{81F4083C-1D9B-4A73-A318-9DE012416ABD}"
EndProject
Project("{FAE04EC0-301F-11D3-BF4B-00C04F79EFBC}") = "06.StringOfIntegers", "06.StringOfIntegers\06.StringOfIntegers.csproj", "{04DB9DBB-0465-4A74-8210-648D0BC54BDA}"
EndProject
Project("{FAE04EC0-301F-11D3-BF4B-00C04F79EFBC}") = "05.WorkDays", "05.WorkDays\05.WorkDays.csproj", "{18BC9109-272F-4BF5-A3F1-FB370C92F2F6}"
EndProject
Global
	GlobalSection(SolutionConfigurationPlatforms) = preSolution
		Debug|Any CPU = Debug|Any CPU
		Release|Any CPU = Release|Any CPU
	EndGlobalSection
	GlobalSection(ProjectConfigurationPlatforms) = postSolution
		{CC74BAA3-7781-411B-9EC8-CBA7F2F10BBB}.Debug|Any CPU.ActiveCfg = Debug|Any CPU
		{CC74BAA3-7781-411B-9EC8-CBA7F2F10BBB}.Debug|Any CPU.Build.0 = Debug|Any CPU
		{CC74BAA3-7781-411B-9EC8-CBA7F2F10BBB}.Release|Any CPU.ActiveCfg = Release|Any CPU
		{CC74BAA3-7781-411B-9EC8-CBA7F2F10BBB}.Release|Any CPU.Build.0 = Release|Any CPU
		{07FA251B-0330-42BF-B774-D25335BF99E9}.Debug|Any CPU.ActiveCfg = Debug|Any CPU
		{07FA251B-0330-42BF-B774-D25335BF99E9}.Debug|Any CPU.Build.0 = Debug|Any CPU
		{07FA251B-0330-42BF-B774-D25335BF99E9}.Release|Any CPU.ActiveCfg = Release|Any CPU
		{07FA251B-0330-42BF-B774-D25335BF99E9}.Release|Any CPU.Build.0 = Release|Any CPU
		{4B13AB76-4BF4-4AFF-8052-633890198FA6}.Debug|Any CPU.ActiveCfg = Debug|Any CPU
		{4B13AB76-4BF4-4AFF-8052-633890198FA6}.Debug|Any CPU.Build.0 = Debug|Any CPU
		{4B13AB76-4BF4-4AFF-8052-633890198FA6}.Release|Any CPU.ActiveCfg = Release|Any CPU
		{4B13AB76-4BF4-4AFF-8052-633890198FA6}.Release|Any CPU.Build.0 = Release|Any CPU
		{81F4083C-1D9B-4A73-A318-9DE012416ABD}.Debug|Any CPU.ActiveCfg = Debug|Any CPU
		{81F4083C-1D9B-4A73-A318-9DE012416ABD}.Debug|Any CPU.Build.0 = Debug|Any CPU
		{81F4083C-1D9B-4A73-A318-9DE012416ABD}.Release|Any CPU.ActiveCfg = Release|Any CPU
		{81F4083C-1D9B-4A73-A318-9DE012416ABD}.Release|Any CPU.Build.0 = Release|Any CPU
		{04DB9DBB-0465-4A74-8210-648D0BC54BDA}.Debug|Any CPU.ActiveCfg = Debug|Any CPU
		{04DB9DBB-0465-4A74-8210-648D0BC54BDA}.Debug|Any CPU.Build.0 = Debug|Any CPU
		{04DB9DBB-0465-4A74-8210-648D0BC54BDA}.Release|Any CPU.ActiveCfg = Release|Any CPU
		{04DB9DBB-0465-4A74-8210-648D0BC54BDA}.Release|Any CPU.Build.0 = Release|Any CPU
		{18BC9109-272F-4BF5-A3F1-FB370C92F2F6}.Debug|Any CPU.ActiveCfg = Debug|Any CPU
		{18BC9109-272F-4BF5-A3F1-FB370C92F2F6}.Debug|Any CPU.Build.0 = Debug|Any CPU
		{18BC9109-272F-4BF5-A3F1-FB370C92F2F6}.Release|Any CPU.ActiveCfg = Release|Any CPU
		{18BC9109-272F-4BF5-A3F1-FB370C92F2F6}.Release|Any CPU.Build.0 = Release|Any CPU
	EndGlobalSection
	GlobalSection(SolutionProperties) = preSolution
		HideSolutionNode = FALSE
	EndGlobalSection
EndGlobal
