
Microsoft Visual Studio Solution File, Format Version 12.00
# Visual Studio 2013
VisualStudioVersion = 12.0.21005.1
MinimumVisualStudioVersion = 10.0.40219.1
Project("{E24C65DC-7377-472B-9ABA-BC803B73C61A}") = "1.Refactoring", "http://localhost:8579", "{C3B548BC-D817-48CE-9B36-372876331B45}"
	ProjectSection(WebsiteProperties) = preProject
		UseIISExpress = "true"
		TargetFrameworkMoniker = ".NETFramework,Version%3Dv4.5"
		Debug.AspNetCompiler.VirtualPath = "/localhost_8579"
		Debug.AspNetCompiler.PhysicalPath = "1.Refactoring\"
		Debug.AspNetCompiler.TargetPath = "PrecompiledWeb\localhost_8579\"
		Debug.AspNetCompiler.Updateable = "true"
		Debug.AspNetCompiler.ForceOverwrite = "true"
		Debug.AspNetCompiler.FixedNames = "false"
		Debug.AspNetCompiler.Debug = "True"
		Release.AspNetCompiler.VirtualPath = "/localhost_8579"
		Release.AspNetCompiler.PhysicalPath = "1.Refactoring\"
		Release.AspNetCompiler.TargetPath = "PrecompiledWeb\localhost_8579\"
		Release.AspNetCompiler.Updateable = "true"
		Release.AspNetCompiler.ForceOverwrite = "true"
		Release.AspNetCompiler.FixedNames = "false"
		Release.AspNetCompiler.Debug = "False"
		SlnRelativePath = "1.Refactoring\"
		DefaultWebSiteLanguage = "Visual C#"
	EndProjectSection
EndProject
Project("{E24C65DC-7377-472B-9ABA-BC803B73C61A}") = "2.CreateWebPageOne", "http://localhost:10034", "{D377A8E2-F6C3-49CA-9B91-5F4C4B6B8009}"
	ProjectSection(WebsiteProperties) = preProject
		UseIISExpress = "true"
		TargetFrameworkMoniker = ".NETFramework,Version%3Dv4.5"
		Debug.AspNetCompiler.VirtualPath = "/localhost_10034"
		Debug.AspNetCompiler.PhysicalPath = "2.CreateWebPageOne\"
		Debug.AspNetCompiler.TargetPath = "PrecompiledWeb\localhost_10034\"
		Debug.AspNetCompiler.Updateable = "true"
		Debug.AspNetCompiler.ForceOverwrite = "true"
		Debug.AspNetCompiler.FixedNames = "false"
		Debug.AspNetCompiler.Debug = "True"
		Release.AspNetCompiler.VirtualPath = "/localhost_10034"
		Release.AspNetCompiler.PhysicalPath = "2.CreateWebPageOne\"
		Release.AspNetCompiler.TargetPath = "PrecompiledWeb\localhost_10034\"
		Release.AspNetCompiler.Updateable = "true"
		Release.AspNetCompiler.ForceOverwrite = "true"
		Release.AspNetCompiler.FixedNames = "false"
		Release.AspNetCompiler.Debug = "False"
		SlnRelativePath = "2.CreateWebPageOne\"
		DefaultWebSiteLanguage = "Visual C#"
	EndProjectSection
EndProject
Project("{E24C65DC-7377-472B-9ABA-BC803B73C61A}") = "3.CreateWebPageTwo", "http://localhost:11177", "{AE3FED7C-1E33-495F-B74D-38EFCD363D5B}"
	ProjectSection(WebsiteProperties) = preProject
		UseIISExpress = "true"
		TargetFrameworkMoniker = ".NETFramework,Version%3Dv4.5"
		Debug.AspNetCompiler.VirtualPath = "/localhost_11177"
		Debug.AspNetCompiler.PhysicalPath = "3.CreateWebPageTwo\"
		Debug.AspNetCompiler.TargetPath = "PrecompiledWeb\localhost_11177\"
		Debug.AspNetCompiler.Updateable = "true"
		Debug.AspNetCompiler.ForceOverwrite = "true"
		Debug.AspNetCompiler.FixedNames = "false"
		Debug.AspNetCompiler.Debug = "True"
		Release.AspNetCompiler.VirtualPath = "/localhost_11177"
		Release.AspNetCompiler.PhysicalPath = "3.CreateWebPageTwo\"
		Release.AspNetCompiler.TargetPath = "PrecompiledWeb\localhost_11177\"
		Release.AspNetCompiler.Updateable = "true"
		Release.AspNetCompiler.ForceOverwrite = "true"
		Release.AspNetCompiler.FixedNames = "false"
		Release.AspNetCompiler.Debug = "False"
		SlnRelativePath = "3.CreateWebPageTwo\"
		DefaultWebSiteLanguage = "Visual C#"
	EndProjectSection
EndProject
Global
	GlobalSection(SolutionConfigurationPlatforms) = preSolution
		Debug|Any CPU = Debug|Any CPU
	EndGlobalSection
	GlobalSection(ProjectConfigurationPlatforms) = postSolution
		{C3B548BC-D817-48CE-9B36-372876331B45}.Debug|Any CPU.ActiveCfg = Debug|Any CPU
		{C3B548BC-D817-48CE-9B36-372876331B45}.Debug|Any CPU.Build.0 = Debug|Any CPU
		{D377A8E2-F6C3-49CA-9B91-5F4C4B6B8009}.Debug|Any CPU.ActiveCfg = Debug|Any CPU
		{D377A8E2-F6C3-49CA-9B91-5F4C4B6B8009}.Debug|Any CPU.Build.0 = Debug|Any CPU
		{AE3FED7C-1E33-495F-B74D-38EFCD363D5B}.Debug|Any CPU.ActiveCfg = Debug|Any CPU
		{AE3FED7C-1E33-495F-B74D-38EFCD363D5B}.Debug|Any CPU.Build.0 = Debug|Any CPU
	EndGlobalSection
	GlobalSection(SolutionProperties) = preSolution
		HideSolutionNode = FALSE
	EndGlobalSection
EndGlobal
