
Microsoft Visual Studio Solution File, Format Version 12.00
# Visual Studio 2013
VisualStudioVersion = 12.0.21005.1
MinimumVisualStudioVersion = 10.0.40219.1
Project("{FAE04EC0-301F-11D3-BF4B-00C04F79EFBC}") = "01.AskForNameMethod", "01.AskForNameMethod\01.AskForNameMethod.csproj", "{4FF93EF8-0615-4A59-B53B-9F4CF30A68D3}"
EndProject
Project("{FAE04EC0-301F-11D3-BF4B-00C04F79EFBC}") = "02.GetMaxMethod", "02.GetMaxMethod\02.GetMaxMethod.csproj", "{DBCB71CD-2C78-421D-A4BB-41191F3716D4}"
EndProject
Project("{FAE04EC0-301F-11D3-BF4B-00C04F79EFBC}") = "03.ReturnLastDigitAsWord", "03.ReturnLastDigitAsWord\03.ReturnLastDigitAsWord.csproj", "{F584E8B5-EAE5-472A-925D-5F2CBC42317F}"
EndProject
Project("{FAE04EC0-301F-11D3-BF4B-00C04F79EFBC}") = "04.AppearseNumber", "04.AppearseNumber\04.AppearseNumber.csproj", "{F14D55D4-3E62-4DCD-A6D9-08560D618D78}"
EndProject
Project("{FAE04EC0-301F-11D3-BF4B-00C04F79EFBC}") = "05.BiggerThanTwoNeighbors", "05.BiggerThanTwoNeighbors\05.BiggerThanTwoNeighbors.csproj", "{276B3B2C-013A-4940-BFE7-3B560AE68CB1}"
EndProject
Project("{FAE04EC0-301F-11D3-BF4B-00C04F79EFBC}") = "06.ReturnIndex", "06.ReturnIndex\06.ReturnIndex.csproj", "{5047ADDB-929B-46A8-A8A7-8C2531870880}"
EndProject
Project("{FAE04EC0-301F-11D3-BF4B-00C04F79EFBC}") = "07.ReverseDigits", "07.ReverseDigits\07.ReverseDigits.csproj", "{2C8BD93C-EF03-4A5C-874F-B9758C786341}"
EndProject
Project("{FAE04EC0-301F-11D3-BF4B-00C04F79EFBC}") = "10.CalculateFactoriel", "10.CalculateFactoriel\10.CalculateFactoriel.csproj", "{F4E7998F-D614-493D-BF75-95B6D42E1920}"
EndProject
Project("{FAE04EC0-301F-11D3-BF4B-00C04F79EFBC}") = "14.MethodsToCalculate", "14.MethodsToCalculate\14.MethodsToCalculate.csproj", "{C37FD925-3910-4429-93BA-06AA9AB2256E}"
EndProject
Project("{FAE04EC0-301F-11D3-BF4B-00C04F79EFBC}") = "15.GenericMethodsForCalculate", "15.GenericMethodsForCalculate\15.GenericMethodsForCalculate.csproj", "{2C35C122-F4F5-4EB9-AF26-37D18F39C259}"
EndProject
Project("{FAE04EC0-301F-11D3-BF4B-00C04F79EFBC}") = "09.MaxElementAndSortMethods", "09.MaxElementAndSortMethods\09.MaxElementAndSortMethods.csproj", "{BC6FEADB-C7A2-45AC-97B5-58CAC1E2D470}"
EndProject
Project("{FAE04EC0-301F-11D3-BF4B-00C04F79EFBC}") = "08.ArrayOfDigits", "08.ArrayOfDigits\08.ArrayOfDigits.csproj", "{BD13DB32-E94C-418C-827E-2AE697BA70AD}"
EndProject
Project("{FAE04EC0-301F-11D3-BF4B-00C04F79EFBC}") = "13.SomeTasksForSolving", "13.SomeTasksForSolving\13.SomeTasksForSolving.csproj", "{7AE0F1BC-C38B-4C98-90C8-E5CDAECFAF73}"
EndProject
Project("{FAE04EC0-301F-11D3-BF4B-00C04F79EFBC}") = "11.AddsTwoPolynomials", "11.AddsTwoPolynomials\11.AddsTwoPolynomials.csproj", "{6BEA079D-B4A6-4714-9379-962BFD49265F}"
EndProject
Project("{FAE04EC0-301F-11D3-BF4B-00C04F79EFBC}") = "12.SubtractionAndMultiplicationOfPolynomials", "12.SubtractionAndMultiplicationOfPolynomials\12.SubtractionAndMultiplicationOfPolynomials.csproj", "{55CA79D0-7D14-49F1-A09E-BCF7A871A051}"
EndProject
Global
	GlobalSection(SolutionConfigurationPlatforms) = preSolution
		Debug|Any CPU = Debug|Any CPU
		Release|Any CPU = Release|Any CPU
	EndGlobalSection
	GlobalSection(ProjectConfigurationPlatforms) = postSolution
		{4FF93EF8-0615-4A59-B53B-9F4CF30A68D3}.Debug|Any CPU.ActiveCfg = Debug|Any CPU
		{4FF93EF8-0615-4A59-B53B-9F4CF30A68D3}.Debug|Any CPU.Build.0 = Debug|Any CPU
		{4FF93EF8-0615-4A59-B53B-9F4CF30A68D3}.Release|Any CPU.ActiveCfg = Release|Any CPU
		{4FF93EF8-0615-4A59-B53B-9F4CF30A68D3}.Release|Any CPU.Build.0 = Release|Any CPU
		{DBCB71CD-2C78-421D-A4BB-41191F3716D4}.Debug|Any CPU.ActiveCfg = Debug|Any CPU
		{DBCB71CD-2C78-421D-A4BB-41191F3716D4}.Debug|Any CPU.Build.0 = Debug|Any CPU
		{DBCB71CD-2C78-421D-A4BB-41191F3716D4}.Release|Any CPU.ActiveCfg = Release|Any CPU
		{DBCB71CD-2C78-421D-A4BB-41191F3716D4}.Release|Any CPU.Build.0 = Release|Any CPU
		{F584E8B5-EAE5-472A-925D-5F2CBC42317F}.Debug|Any CPU.ActiveCfg = Debug|Any CPU
		{F584E8B5-EAE5-472A-925D-5F2CBC42317F}.Debug|Any CPU.Build.0 = Debug|Any CPU
		{F584E8B5-EAE5-472A-925D-5F2CBC42317F}.Release|Any CPU.ActiveCfg = Release|Any CPU
		{F584E8B5-EAE5-472A-925D-5F2CBC42317F}.Release|Any CPU.Build.0 = Release|Any CPU
		{F14D55D4-3E62-4DCD-A6D9-08560D618D78}.Debug|Any CPU.ActiveCfg = Debug|Any CPU
		{F14D55D4-3E62-4DCD-A6D9-08560D618D78}.Debug|Any CPU.Build.0 = Debug|Any CPU
		{F14D55D4-3E62-4DCD-A6D9-08560D618D78}.Release|Any CPU.ActiveCfg = Release|Any CPU
		{F14D55D4-3E62-4DCD-A6D9-08560D618D78}.Release|Any CPU.Build.0 = Release|Any CPU
		{276B3B2C-013A-4940-BFE7-3B560AE68CB1}.Debug|Any CPU.ActiveCfg = Debug|Any CPU
		{276B3B2C-013A-4940-BFE7-3B560AE68CB1}.Debug|Any CPU.Build.0 = Debug|Any CPU
		{276B3B2C-013A-4940-BFE7-3B560AE68CB1}.Release|Any CPU.ActiveCfg = Release|Any CPU
		{276B3B2C-013A-4940-BFE7-3B560AE68CB1}.Release|Any CPU.Build.0 = Release|Any CPU
		{5047ADDB-929B-46A8-A8A7-8C2531870880}.Debug|Any CPU.ActiveCfg = Debug|Any CPU
		{5047ADDB-929B-46A8-A8A7-8C2531870880}.Debug|Any CPU.Build.0 = Debug|Any CPU
		{5047ADDB-929B-46A8-A8A7-8C2531870880}.Release|Any CPU.ActiveCfg = Release|Any CPU
		{5047ADDB-929B-46A8-A8A7-8C2531870880}.Release|Any CPU.Build.0 = Release|Any CPU
		{2C8BD93C-EF03-4A5C-874F-B9758C786341}.Debug|Any CPU.ActiveCfg = Debug|Any CPU
		{2C8BD93C-EF03-4A5C-874F-B9758C786341}.Debug|Any CPU.Build.0 = Debug|Any CPU
		{2C8BD93C-EF03-4A5C-874F-B9758C786341}.Release|Any CPU.ActiveCfg = Release|Any CPU
		{2C8BD93C-EF03-4A5C-874F-B9758C786341}.Release|Any CPU.Build.0 = Release|Any CPU
		{F4E7998F-D614-493D-BF75-95B6D42E1920}.Debug|Any CPU.ActiveCfg = Debug|Any CPU
		{F4E7998F-D614-493D-BF75-95B6D42E1920}.Debug|Any CPU.Build.0 = Debug|Any CPU
		{F4E7998F-D614-493D-BF75-95B6D42E1920}.Release|Any CPU.ActiveCfg = Release|Any CPU
		{F4E7998F-D614-493D-BF75-95B6D42E1920}.Release|Any CPU.Build.0 = Release|Any CPU
		{C37FD925-3910-4429-93BA-06AA9AB2256E}.Debug|Any CPU.ActiveCfg = Debug|Any CPU
		{C37FD925-3910-4429-93BA-06AA9AB2256E}.Debug|Any CPU.Build.0 = Debug|Any CPU
		{C37FD925-3910-4429-93BA-06AA9AB2256E}.Release|Any CPU.ActiveCfg = Release|Any CPU
		{C37FD925-3910-4429-93BA-06AA9AB2256E}.Release|Any CPU.Build.0 = Release|Any CPU
		{2C35C122-F4F5-4EB9-AF26-37D18F39C259}.Debug|Any CPU.ActiveCfg = Debug|Any CPU
		{2C35C122-F4F5-4EB9-AF26-37D18F39C259}.Debug|Any CPU.Build.0 = Debug|Any CPU
		{2C35C122-F4F5-4EB9-AF26-37D18F39C259}.Release|Any CPU.ActiveCfg = Release|Any CPU
		{2C35C122-F4F5-4EB9-AF26-37D18F39C259}.Release|Any CPU.Build.0 = Release|Any CPU
		{BC6FEADB-C7A2-45AC-97B5-58CAC1E2D470}.Debug|Any CPU.ActiveCfg = Debug|Any CPU
		{BC6FEADB-C7A2-45AC-97B5-58CAC1E2D470}.Debug|Any CPU.Build.0 = Debug|Any CPU
		{BC6FEADB-C7A2-45AC-97B5-58CAC1E2D470}.Release|Any CPU.ActiveCfg = Release|Any CPU
		{BC6FEADB-C7A2-45AC-97B5-58CAC1E2D470}.Release|Any CPU.Build.0 = Release|Any CPU
		{BD13DB32-E94C-418C-827E-2AE697BA70AD}.Debug|Any CPU.ActiveCfg = Debug|Any CPU
		{BD13DB32-E94C-418C-827E-2AE697BA70AD}.Debug|Any CPU.Build.0 = Debug|Any CPU
		{BD13DB32-E94C-418C-827E-2AE697BA70AD}.Release|Any CPU.ActiveCfg = Release|Any CPU
		{BD13DB32-E94C-418C-827E-2AE697BA70AD}.Release|Any CPU.Build.0 = Release|Any CPU
		{7AE0F1BC-C38B-4C98-90C8-E5CDAECFAF73}.Debug|Any CPU.ActiveCfg = Debug|Any CPU
		{7AE0F1BC-C38B-4C98-90C8-E5CDAECFAF73}.Debug|Any CPU.Build.0 = Debug|Any CPU
		{7AE0F1BC-C38B-4C98-90C8-E5CDAECFAF73}.Release|Any CPU.ActiveCfg = Release|Any CPU
		{7AE0F1BC-C38B-4C98-90C8-E5CDAECFAF73}.Release|Any CPU.Build.0 = Release|Any CPU
		{6BEA079D-B4A6-4714-9379-962BFD49265F}.Debug|Any CPU.ActiveCfg = Debug|Any CPU
		{6BEA079D-B4A6-4714-9379-962BFD49265F}.Debug|Any CPU.Build.0 = Debug|Any CPU
		{6BEA079D-B4A6-4714-9379-962BFD49265F}.Release|Any CPU.ActiveCfg = Release|Any CPU
		{6BEA079D-B4A6-4714-9379-962BFD49265F}.Release|Any CPU.Build.0 = Release|Any CPU
		{55CA79D0-7D14-49F1-A09E-BCF7A871A051}.Debug|Any CPU.ActiveCfg = Debug|Any CPU
		{55CA79D0-7D14-49F1-A09E-BCF7A871A051}.Debug|Any CPU.Build.0 = Debug|Any CPU
		{55CA79D0-7D14-49F1-A09E-BCF7A871A051}.Release|Any CPU.ActiveCfg = Release|Any CPU
		{55CA79D0-7D14-49F1-A09E-BCF7A871A051}.Release|Any CPU.Build.0 = Release|Any CPU
	EndGlobalSection
	GlobalSection(SolutionProperties) = preSolution
		HideSolutionNode = FALSE
	EndGlobalSection
EndGlobal
