
Microsoft Visual Studio Solution File, Format Version 12.00
# Visual Studio 2013
VisualStudioVersion = 12.0.21005.1
MinimumVisualStudioVersion = 10.0.40219.1
Project("{E24C65DC-7377-472B-9ABA-BC803B73C61A}") = "1.WebPagesWithTables", "http://localhost:5014", "{4624F604-6218-4EA2-B8CC-B9CE34A09D9B}"
	ProjectSection(WebsiteProperties) = preProject
		UseIISExpress = "true"
		TargetFrameworkMoniker = ".NETFramework,Version%3Dv4.5"
		Debug.AspNetCompiler.VirtualPath = "/localhost_5014"
		Debug.AspNetCompiler.PhysicalPath = "1.WebPagesWithTables\"
		Debug.AspNetCompiler.TargetPath = "PrecompiledWeb\localhost_5014\"
		Debug.AspNetCompiler.Updateable = "true"
		Debug.AspNetCompiler.ForceOverwrite = "true"
		Debug.AspNetCompiler.FixedNames = "false"
		Debug.AspNetCompiler.Debug = "True"
		Release.AspNetCompiler.VirtualPath = "/localhost_5014"
		Release.AspNetCompiler.PhysicalPath = "1.WebPagesWithTables\"
		Release.AspNetCompiler.TargetPath = "PrecompiledWeb\localhost_5014\"
		Release.AspNetCompiler.Updateable = "true"
		Release.AspNetCompiler.ForceOverwrite = "true"
		Release.AspNetCompiler.FixedNames = "false"
		Release.AspNetCompiler.Debug = "False"
		SlnRelativePath = "1.WebPagesWithTables\"
		DefaultWebSiteLanguage = "Visual C#"
	EndProjectSection
EndProject
Project("{E24C65DC-7377-472B-9ABA-BC803B73C61A}") = "2.SomePageWithForms", "http://localhost:6147", "{544DE73D-407A-40E8-81B1-1FBD73146644}"
	ProjectSection(WebsiteProperties) = preProject
		UseIISExpress = "true"
		TargetFrameworkMoniker = ".NETFramework,Version%3Dv4.5"
		Debug.AspNetCompiler.VirtualPath = "/localhost_6147"
		Debug.AspNetCompiler.PhysicalPath = "2.SomePageWithForms\"
		Debug.AspNetCompiler.TargetPath = "PrecompiledWeb\localhost_6147\"
		Debug.AspNetCompiler.Updateable = "true"
		Debug.AspNetCompiler.ForceOverwrite = "true"
		Debug.AspNetCompiler.FixedNames = "false"
		Debug.AspNetCompiler.Debug = "True"
		Release.AspNetCompiler.VirtualPath = "/localhost_6147"
		Release.AspNetCompiler.PhysicalPath = "2.SomePageWithForms\"
		Release.AspNetCompiler.TargetPath = "PrecompiledWeb\localhost_6147\"
		Release.AspNetCompiler.Updateable = "true"
		Release.AspNetCompiler.ForceOverwrite = "true"
		Release.AspNetCompiler.FixedNames = "false"
		Release.AspNetCompiler.Debug = "False"
		SlnRelativePath = "2.SomePageWithForms\"
		DefaultWebSiteLanguage = "Visual C#"
	EndProjectSection
EndProject
Project("{E24C65DC-7377-472B-9ABA-BC803B73C61A}") = "3.Calculator", "http://localhost:7873", "{8B8BEAF0-F7EA-4FF3-9EAD-CF9730433C5B}"
	ProjectSection(WebsiteProperties) = preProject
		UseIISExpress = "true"
		TargetFrameworkMoniker = ".NETFramework,Version%3Dv4.5"
		Debug.AspNetCompiler.VirtualPath = "/localhost_7873"
		Debug.AspNetCompiler.PhysicalPath = "3.Calculator\"
		Debug.AspNetCompiler.TargetPath = "PrecompiledWeb\localhost_7873\"
		Debug.AspNetCompiler.Updateable = "true"
		Debug.AspNetCompiler.ForceOverwrite = "true"
		Debug.AspNetCompiler.FixedNames = "false"
		Debug.AspNetCompiler.Debug = "True"
		Release.AspNetCompiler.VirtualPath = "/localhost_7873"
		Release.AspNetCompiler.PhysicalPath = "3.Calculator\"
		Release.AspNetCompiler.TargetPath = "PrecompiledWeb\localhost_7873\"
		Release.AspNetCompiler.Updateable = "true"
		Release.AspNetCompiler.ForceOverwrite = "true"
		Release.AspNetCompiler.FixedNames = "false"
		Release.AspNetCompiler.Debug = "False"
		SlnRelativePath = "3.Calculator\"
		DefaultWebSiteLanguage = "Visual C#"
	EndProjectSection
EndProject
Global
	GlobalSection(SolutionConfigurationPlatforms) = preSolution
		Debug|Any CPU = Debug|Any CPU
	EndGlobalSection
	GlobalSection(ProjectConfigurationPlatforms) = postSolution
		{4624F604-6218-4EA2-B8CC-B9CE34A09D9B}.Debug|Any CPU.ActiveCfg = Debug|Any CPU
		{4624F604-6218-4EA2-B8CC-B9CE34A09D9B}.Debug|Any CPU.Build.0 = Debug|Any CPU
		{544DE73D-407A-40E8-81B1-1FBD73146644}.Debug|Any CPU.ActiveCfg = Debug|Any CPU
		{544DE73D-407A-40E8-81B1-1FBD73146644}.Debug|Any CPU.Build.0 = Debug|Any CPU
		{8B8BEAF0-F7EA-4FF3-9EAD-CF9730433C5B}.Debug|Any CPU.ActiveCfg = Debug|Any CPU
		{8B8BEAF0-F7EA-4FF3-9EAD-CF9730433C5B}.Debug|Any CPU.Build.0 = Debug|Any CPU
	EndGlobalSection
	GlobalSection(SolutionProperties) = preSolution
		HideSolutionNode = FALSE
	EndGlobalSection
EndGlobal
