
Microsoft Visual Studio Solution File, Format Version 12.00
# Visual Studio 2013
VisualStudioVersion = 12.0.21005.1
MinimumVisualStudioVersion = 10.0.40219.1
Project("{FAE04EC0-301F-11D3-BF4B-00C04F79EFBC}") = "01.DecimalToBinary", "01.DecimalToBinary\01.DecimalToBinary.csproj", "{4963E159-A963-44F5-A20B-BBD439C21B4D}"
EndProject
Project("{FAE04EC0-301F-11D3-BF4B-00C04F79EFBC}") = "02.BinaryToDecimal", "02.BinaryToDecimal\02.BinaryToDecimal.csproj", "{D891A915-FE5F-4DE9-B9BE-80DDC39F514C}"
EndProject
Project("{FAE04EC0-301F-11D3-BF4B-00C04F79EFBC}") = "03.DecimalToHexadecimal", "03.DecimalToHexadecimal\03.DecimalToHexadecimal.csproj", "{CE3982E2-E5D8-4C9A-9752-0A5D06D4FDC2}"
EndProject
Project("{FAE04EC0-301F-11D3-BF4B-00C04F79EFBC}") = "04.HexadecimalToDecimal", "04.HexadecimalToDecimal\04.HexadecimalToDecimal.csproj", "{A0E90DB3-729A-4B02-9C92-D927E0D72D80}"
EndProject
Project("{FAE04EC0-301F-11D3-BF4B-00C04F79EFBC}") = "05.HexadecimalToBinary", "05.HexadecimalToBinary\05.HexadecimalToBinary.csproj", "{09BE5A2A-EFCB-4C21-83B5-CB50E3719F4B}"
EndProject
Project("{FAE04EC0-301F-11D3-BF4B-00C04F79EFBC}") = "06.BinaryToHexadecimal", "06.BinaryToHexadecimal\06.BinaryToHexadecimal.csproj", "{9A6DF2F9-FE8C-44E7-8A54-CD7AC75B63F5}"
EndProject
Project("{FAE04EC0-301F-11D3-BF4B-00C04F79EFBC}") = "08.BinaryRepresentation", "08.BinaryRepresentation\08.BinaryRepresentation.csproj", "{DF6C7BF2-685E-446C-863A-EBC2DD0F2915}"
EndProject
Project("{FAE04EC0-301F-11D3-BF4B-00C04F79EFBC}") = "07.FromAnyNumeralSystemToAnother", "07.FromAnyNumeralSystemToAnother\07.FromAnyNumeralSystemToAnother.csproj", "{A6670860-56D1-4F9C-A59F-B8B945AA7F76}"
EndProject
Global
	GlobalSection(SolutionConfigurationPlatforms) = preSolution
		Debug|Any CPU = Debug|Any CPU
		Release|Any CPU = Release|Any CPU
	EndGlobalSection
	GlobalSection(ProjectConfigurationPlatforms) = postSolution
		{4963E159-A963-44F5-A20B-BBD439C21B4D}.Debug|Any CPU.ActiveCfg = Debug|Any CPU
		{4963E159-A963-44F5-A20B-BBD439C21B4D}.Debug|Any CPU.Build.0 = Debug|Any CPU
		{4963E159-A963-44F5-A20B-BBD439C21B4D}.Release|Any CPU.ActiveCfg = Release|Any CPU
		{4963E159-A963-44F5-A20B-BBD439C21B4D}.Release|Any CPU.Build.0 = Release|Any CPU
		{D891A915-FE5F-4DE9-B9BE-80DDC39F514C}.Debug|Any CPU.ActiveCfg = Debug|Any CPU
		{D891A915-FE5F-4DE9-B9BE-80DDC39F514C}.Debug|Any CPU.Build.0 = Debug|Any CPU
		{D891A915-FE5F-4DE9-B9BE-80DDC39F514C}.Release|Any CPU.ActiveCfg = Release|Any CPU
		{D891A915-FE5F-4DE9-B9BE-80DDC39F514C}.Release|Any CPU.Build.0 = Release|Any CPU
		{CE3982E2-E5D8-4C9A-9752-0A5D06D4FDC2}.Debug|Any CPU.ActiveCfg = Debug|Any CPU
		{CE3982E2-E5D8-4C9A-9752-0A5D06D4FDC2}.Debug|Any CPU.Build.0 = Debug|Any CPU
		{CE3982E2-E5D8-4C9A-9752-0A5D06D4FDC2}.Release|Any CPU.ActiveCfg = Release|Any CPU
		{CE3982E2-E5D8-4C9A-9752-0A5D06D4FDC2}.Release|Any CPU.Build.0 = Release|Any CPU
		{A0E90DB3-729A-4B02-9C92-D927E0D72D80}.Debug|Any CPU.ActiveCfg = Debug|Any CPU
		{A0E90DB3-729A-4B02-9C92-D927E0D72D80}.Debug|Any CPU.Build.0 = Debug|Any CPU
		{A0E90DB3-729A-4B02-9C92-D927E0D72D80}.Release|Any CPU.ActiveCfg = Release|Any CPU
		{A0E90DB3-729A-4B02-9C92-D927E0D72D80}.Release|Any CPU.Build.0 = Release|Any CPU
		{09BE5A2A-EFCB-4C21-83B5-CB50E3719F4B}.Debug|Any CPU.ActiveCfg = Debug|Any CPU
		{09BE5A2A-EFCB-4C21-83B5-CB50E3719F4B}.Debug|Any CPU.Build.0 = Debug|Any CPU
		{09BE5A2A-EFCB-4C21-83B5-CB50E3719F4B}.Release|Any CPU.ActiveCfg = Release|Any CPU
		{09BE5A2A-EFCB-4C21-83B5-CB50E3719F4B}.Release|Any CPU.Build.0 = Release|Any CPU
		{9A6DF2F9-FE8C-44E7-8A54-CD7AC75B63F5}.Debug|Any CPU.ActiveCfg = Debug|Any CPU
		{9A6DF2F9-FE8C-44E7-8A54-CD7AC75B63F5}.Debug|Any CPU.Build.0 = Debug|Any CPU
		{9A6DF2F9-FE8C-44E7-8A54-CD7AC75B63F5}.Release|Any CPU.ActiveCfg = Release|Any CPU
		{9A6DF2F9-FE8C-44E7-8A54-CD7AC75B63F5}.Release|Any CPU.Build.0 = Release|Any CPU
		{DF6C7BF2-685E-446C-863A-EBC2DD0F2915}.Debug|Any CPU.ActiveCfg = Debug|Any CPU
		{DF6C7BF2-685E-446C-863A-EBC2DD0F2915}.Debug|Any CPU.Build.0 = Debug|Any CPU
		{DF6C7BF2-685E-446C-863A-EBC2DD0F2915}.Release|Any CPU.ActiveCfg = Release|Any CPU
		{DF6C7BF2-685E-446C-863A-EBC2DD0F2915}.Release|Any CPU.Build.0 = Release|Any CPU
		{A6670860-56D1-4F9C-A59F-B8B945AA7F76}.Debug|Any CPU.ActiveCfg = Debug|Any CPU
		{A6670860-56D1-4F9C-A59F-B8B945AA7F76}.Debug|Any CPU.Build.0 = Debug|Any CPU
		{A6670860-56D1-4F9C-A59F-B8B945AA7F76}.Release|Any CPU.ActiveCfg = Release|Any CPU
		{A6670860-56D1-4F9C-A59F-B8B945AA7F76}.Release|Any CPU.Build.0 = Release|Any CPU
	EndGlobalSection
	GlobalSection(SolutionProperties) = preSolution
		HideSolutionNode = FALSE
	EndGlobalSection
EndGlobal
