
Microsoft Visual Studio Solution File, Format Version 12.00
# Visual Studio 2013
VisualStudioVersion = 12.0.21005.1
MinimumVisualStudioVersion = 10.0.40219.1
Project("{FAE04EC0-301F-11D3-BF4B-00C04F79EFBC}") = "01.DescribeString", "01.DescribeString\01.DescribeString.csproj", "{A3E9B890-3211-477A-93F0-D09C6BF354AF}"
EndProject
Project("{FAE04EC0-301F-11D3-BF4B-00C04F79EFBC}") = "02.ReverseString", "02.ReverseString\02.ReverseString.csproj", "{407BD587-7B82-46B5-8DC4-4F87746B1F30}"
EndProject
Project("{FAE04EC0-301F-11D3-BF4B-00C04F79EFBC}") = "03.IsBracketsCorect", "03.IsBracketsCorect\03.IsBracketsCorect.csproj", "{8993E35B-4B78-4A27-BA42-7075051D7F5A}"
EndProject
Project("{FAE04EC0-301F-11D3-BF4B-00C04F79EFBC}") = "04.CountContainingSubstring", "04.CountContainingSubstring\04.CountContainingSubstring.csproj", "{F5031EFE-5FD1-4D29-BBE0-150517CA664D}"
EndProject
Project("{FAE04EC0-301F-11D3-BF4B-00C04F79EFBC}") = "05.ChangeTextBetweenOpenAndClosingTags", "05.ChangeTextBetweenOpenAndClosingTags\05.ChangeTextBetweenOpenAndClosingTags.csproj", "{526662AA-261D-4CD2-991F-0E0E049E8936}"
EndProject
Project("{FAE04EC0-301F-11D3-BF4B-00C04F79EFBC}") = "06.FillString", "06.FillString\06.FillString.csproj", "{17D7B9CE-A9FD-4E6B-A19D-3367BA6DDBD9}"
EndProject
Project("{FAE04EC0-301F-11D3-BF4B-00C04F79EFBC}") = "07.EncodingAndDecoding", "07.EncodingAndDecoding\07.EncodingAndDecoding.csproj", "{2B7A82BB-D532-42BC-B561-E67F295C2EE5}"
EndProject
Project("{FAE04EC0-301F-11D3-BF4B-00C04F79EFBC}") = "08.ExtractSentences", "08.ExtractSentences\08.ExtractSentences.csproj", "{C48577C8-CA0F-4BD2-A794-4FA89117F628}"
EndProject
Project("{FAE04EC0-301F-11D3-BF4B-00C04F79EFBC}") = "09.ForbiddenWords", "09.ForbiddenWords\09.ForbiddenWords.csproj", "{80FBC863-967A-4037-A35A-A6EA4779598A}"
EndProject
Project("{FAE04EC0-301F-11D3-BF4B-00C04F79EFBC}") = "10.UnicodeCharacters", "10.UnicodeCharacters\10.UnicodeCharacters.csproj", "{B0E9C52F-7F33-4320-A91E-47ECDB180EA1}"
EndProject
Project("{FAE04EC0-301F-11D3-BF4B-00C04F79EFBC}") = "11.SomeStringFormating", "11.SomeStringFormating\11.SomeStringFormating.csproj", "{58898F8F-DB66-44B6-BDDD-7B8FAD3F8139}"
EndProject
Project("{FAE04EC0-301F-11D3-BF4B-00C04F79EFBC}") = "12.ParseURL", "12.ParseURL\12.ParseURL.csproj", "{6C5A3766-657D-426D-90A7-A6E6CFD78292}"
EndProject
Project("{FAE04EC0-301F-11D3-BF4B-00C04F79EFBC}") = "13.ReversesWords", "13.ReversesWords\13.ReversesWords.csproj", "{8EC012CD-21D3-49E7-806B-B47F5D384713}"
EndProject
Project("{FAE04EC0-301F-11D3-BF4B-00C04F79EFBC}") = "14.Dictionary", "14.Dictionary\14.Dictionary.csproj", "{4CE0AEA7-EB90-4A6C-BAAE-707E9B4A0BB6}"
EndProject
Project("{FAE04EC0-301F-11D3-BF4B-00C04F79EFBC}") = "15.ReplaceHTMLTags", "15.ReplaceHTMLTags\15.ReplaceHTMLTags.csproj", "{62E351CE-C2D3-4637-A4BE-26CBB12A753D}"
EndProject
Project("{FAE04EC0-301F-11D3-BF4B-00C04F79EFBC}") = "16.CalculateDays", "16.CalculateDays\16.CalculateDays.csproj", "{F5FFF601-114C-4A42-BFB7-9B34FBE18CC3}"
EndProject
Project("{FAE04EC0-301F-11D3-BF4B-00C04F79EFBC}") = "17.DateAndTime", "17.DateAndTime\17.DateAndTime.csproj", "{4B2044AF-7610-47D1-BB3B-75817F71B8D7}"
EndProject
Project("{FAE04EC0-301F-11D3-BF4B-00C04F79EFBC}") = "18.ExtractEmail", "18.ExtractEmail\18.ExtractEmail.csproj", "{77C22984-18CF-4E68-A7F3-BF7DF2AB169A}"
EndProject
Project("{FAE04EC0-301F-11D3-BF4B-00C04F79EFBC}") = "19.ExtractDates", "19.ExtractDates\19.ExtractDates.csproj", "{AD53A70F-59BC-4886-9A1A-DDA154037093}"
EndProject
Project("{FAE04EC0-301F-11D3-BF4B-00C04F79EFBC}") = "20.Palindromes", "20.Palindromes\20.Palindromes.csproj", "{9096AE87-0820-45AE-BB14-52E0266B12FB}"
EndProject
Project("{FAE04EC0-301F-11D3-BF4B-00C04F79EFBC}") = "21.PrintAllDiferentLetters", "21.PrintAllDiferentLetters\21.PrintAllDiferentLetters.csproj", "{A130C897-7653-4EC2-9BCA-F25E8CAB5316}"
EndProject
Project("{FAE04EC0-301F-11D3-BF4B-00C04F79EFBC}") = "22.PrintAllDifferentWords", "22.PrintAllDifferentWords\22.PrintAllDifferentWords.csproj", "{FB872EC6-DA5A-4EAA-A97E-E77CCEFD64F3}"
EndProject
Project("{FAE04EC0-301F-11D3-BF4B-00C04F79EFBC}") = "23.ReplaceIndenticalLetter", "23.ReplaceIndenticalLetter\23.ReplaceIndenticalLetter.csproj", "{99D0439D-6453-4F5A-8498-27080D380535}"
EndProject
Project("{FAE04EC0-301F-11D3-BF4B-00C04F79EFBC}") = "24.SortingWordsInAlphabeticalOrder", "24.SortingWordsAlphabetical\24.SortingWordsInAlphabeticalOrder.csproj", "{BEC2C392-D0DB-4E90-B9F4-8BB0CBF5AA38}"
EndProject
Project("{FAE04EC0-301F-11D3-BF4B-00C04F79EFBC}") = "25.ExtractTitleFromHTML", "25.ExtractTitleFromHTML\25.ExtractTitleFromHTML.csproj", "{58C50F01-9BBF-4968-96F1-F16DF4DCD9C4}"
EndProject
Global
	GlobalSection(SolutionConfigurationPlatforms) = preSolution
		Debug|Any CPU = Debug|Any CPU
		Release|Any CPU = Release|Any CPU
	EndGlobalSection
	GlobalSection(ProjectConfigurationPlatforms) = postSolution
		{A3E9B890-3211-477A-93F0-D09C6BF354AF}.Debug|Any CPU.ActiveCfg = Debug|Any CPU
		{A3E9B890-3211-477A-93F0-D09C6BF354AF}.Debug|Any CPU.Build.0 = Debug|Any CPU
		{A3E9B890-3211-477A-93F0-D09C6BF354AF}.Release|Any CPU.ActiveCfg = Release|Any CPU
		{A3E9B890-3211-477A-93F0-D09C6BF354AF}.Release|Any CPU.Build.0 = Release|Any CPU
		{407BD587-7B82-46B5-8DC4-4F87746B1F30}.Debug|Any CPU.ActiveCfg = Debug|Any CPU
		{407BD587-7B82-46B5-8DC4-4F87746B1F30}.Debug|Any CPU.Build.0 = Debug|Any CPU
		{407BD587-7B82-46B5-8DC4-4F87746B1F30}.Release|Any CPU.ActiveCfg = Release|Any CPU
		{407BD587-7B82-46B5-8DC4-4F87746B1F30}.Release|Any CPU.Build.0 = Release|Any CPU
		{8993E35B-4B78-4A27-BA42-7075051D7F5A}.Debug|Any CPU.ActiveCfg = Debug|Any CPU
		{8993E35B-4B78-4A27-BA42-7075051D7F5A}.Debug|Any CPU.Build.0 = Debug|Any CPU
		{8993E35B-4B78-4A27-BA42-7075051D7F5A}.Release|Any CPU.ActiveCfg = Release|Any CPU
		{8993E35B-4B78-4A27-BA42-7075051D7F5A}.Release|Any CPU.Build.0 = Release|Any CPU
		{F5031EFE-5FD1-4D29-BBE0-150517CA664D}.Debug|Any CPU.ActiveCfg = Debug|Any CPU
		{F5031EFE-5FD1-4D29-BBE0-150517CA664D}.Debug|Any CPU.Build.0 = Debug|Any CPU
		{F5031EFE-5FD1-4D29-BBE0-150517CA664D}.Release|Any CPU.ActiveCfg = Release|Any CPU
		{F5031EFE-5FD1-4D29-BBE0-150517CA664D}.Release|Any CPU.Build.0 = Release|Any CPU
		{526662AA-261D-4CD2-991F-0E0E049E8936}.Debug|Any CPU.ActiveCfg = Debug|Any CPU
		{526662AA-261D-4CD2-991F-0E0E049E8936}.Debug|Any CPU.Build.0 = Debug|Any CPU
		{526662AA-261D-4CD2-991F-0E0E049E8936}.Release|Any CPU.ActiveCfg = Release|Any CPU
		{526662AA-261D-4CD2-991F-0E0E049E8936}.Release|Any CPU.Build.0 = Release|Any CPU
		{17D7B9CE-A9FD-4E6B-A19D-3367BA6DDBD9}.Debug|Any CPU.ActiveCfg = Debug|Any CPU
		{17D7B9CE-A9FD-4E6B-A19D-3367BA6DDBD9}.Debug|Any CPU.Build.0 = Debug|Any CPU
		{17D7B9CE-A9FD-4E6B-A19D-3367BA6DDBD9}.Release|Any CPU.ActiveCfg = Release|Any CPU
		{17D7B9CE-A9FD-4E6B-A19D-3367BA6DDBD9}.Release|Any CPU.Build.0 = Release|Any CPU
		{2B7A82BB-D532-42BC-B561-E67F295C2EE5}.Debug|Any CPU.ActiveCfg = Debug|Any CPU
		{2B7A82BB-D532-42BC-B561-E67F295C2EE5}.Debug|Any CPU.Build.0 = Debug|Any CPU
		{2B7A82BB-D532-42BC-B561-E67F295C2EE5}.Release|Any CPU.ActiveCfg = Release|Any CPU
		{2B7A82BB-D532-42BC-B561-E67F295C2EE5}.Release|Any CPU.Build.0 = Release|Any CPU
		{C48577C8-CA0F-4BD2-A794-4FA89117F628}.Debug|Any CPU.ActiveCfg = Debug|Any CPU
		{C48577C8-CA0F-4BD2-A794-4FA89117F628}.Debug|Any CPU.Build.0 = Debug|Any CPU
		{C48577C8-CA0F-4BD2-A794-4FA89117F628}.Release|Any CPU.ActiveCfg = Release|Any CPU
		{C48577C8-CA0F-4BD2-A794-4FA89117F628}.Release|Any CPU.Build.0 = Release|Any CPU
		{80FBC863-967A-4037-A35A-A6EA4779598A}.Debug|Any CPU.ActiveCfg = Debug|Any CPU
		{80FBC863-967A-4037-A35A-A6EA4779598A}.Debug|Any CPU.Build.0 = Debug|Any CPU
		{80FBC863-967A-4037-A35A-A6EA4779598A}.Release|Any CPU.ActiveCfg = Release|Any CPU
		{80FBC863-967A-4037-A35A-A6EA4779598A}.Release|Any CPU.Build.0 = Release|Any CPU
		{B0E9C52F-7F33-4320-A91E-47ECDB180EA1}.Debug|Any CPU.ActiveCfg = Debug|Any CPU
		{B0E9C52F-7F33-4320-A91E-47ECDB180EA1}.Debug|Any CPU.Build.0 = Debug|Any CPU
		{B0E9C52F-7F33-4320-A91E-47ECDB180EA1}.Release|Any CPU.ActiveCfg = Release|Any CPU
		{B0E9C52F-7F33-4320-A91E-47ECDB180EA1}.Release|Any CPU.Build.0 = Release|Any CPU
		{58898F8F-DB66-44B6-BDDD-7B8FAD3F8139}.Debug|Any CPU.ActiveCfg = Debug|Any CPU
		{58898F8F-DB66-44B6-BDDD-7B8FAD3F8139}.Debug|Any CPU.Build.0 = Debug|Any CPU
		{58898F8F-DB66-44B6-BDDD-7B8FAD3F8139}.Release|Any CPU.ActiveCfg = Release|Any CPU
		{58898F8F-DB66-44B6-BDDD-7B8FAD3F8139}.Release|Any CPU.Build.0 = Release|Any CPU
		{6C5A3766-657D-426D-90A7-A6E6CFD78292}.Debug|Any CPU.ActiveCfg = Debug|Any CPU
		{6C5A3766-657D-426D-90A7-A6E6CFD78292}.Debug|Any CPU.Build.0 = Debug|Any CPU
		{6C5A3766-657D-426D-90A7-A6E6CFD78292}.Release|Any CPU.ActiveCfg = Release|Any CPU
		{6C5A3766-657D-426D-90A7-A6E6CFD78292}.Release|Any CPU.Build.0 = Release|Any CPU
		{8EC012CD-21D3-49E7-806B-B47F5D384713}.Debug|Any CPU.ActiveCfg = Debug|Any CPU
		{8EC012CD-21D3-49E7-806B-B47F5D384713}.Debug|Any CPU.Build.0 = Debug|Any CPU
		{8EC012CD-21D3-49E7-806B-B47F5D384713}.Release|Any CPU.ActiveCfg = Release|Any CPU
		{8EC012CD-21D3-49E7-806B-B47F5D384713}.Release|Any CPU.Build.0 = Release|Any CPU
		{4CE0AEA7-EB90-4A6C-BAAE-707E9B4A0BB6}.Debug|Any CPU.ActiveCfg = Debug|Any CPU
		{4CE0AEA7-EB90-4A6C-BAAE-707E9B4A0BB6}.Debug|Any CPU.Build.0 = Debug|Any CPU
		{4CE0AEA7-EB90-4A6C-BAAE-707E9B4A0BB6}.Release|Any CPU.ActiveCfg = Release|Any CPU
		{4CE0AEA7-EB90-4A6C-BAAE-707E9B4A0BB6}.Release|Any CPU.Build.0 = Release|Any CPU
		{62E351CE-C2D3-4637-A4BE-26CBB12A753D}.Debug|Any CPU.ActiveCfg = Debug|Any CPU
		{62E351CE-C2D3-4637-A4BE-26CBB12A753D}.Debug|Any CPU.Build.0 = Debug|Any CPU
		{62E351CE-C2D3-4637-A4BE-26CBB12A753D}.Release|Any CPU.ActiveCfg = Release|Any CPU
		{62E351CE-C2D3-4637-A4BE-26CBB12A753D}.Release|Any CPU.Build.0 = Release|Any CPU
		{F5FFF601-114C-4A42-BFB7-9B34FBE18CC3}.Debug|Any CPU.ActiveCfg = Debug|Any CPU
		{F5FFF601-114C-4A42-BFB7-9B34FBE18CC3}.Debug|Any CPU.Build.0 = Debug|Any CPU
		{F5FFF601-114C-4A42-BFB7-9B34FBE18CC3}.Release|Any CPU.ActiveCfg = Release|Any CPU
		{F5FFF601-114C-4A42-BFB7-9B34FBE18CC3}.Release|Any CPU.Build.0 = Release|Any CPU
		{4B2044AF-7610-47D1-BB3B-75817F71B8D7}.Debug|Any CPU.ActiveCfg = Debug|Any CPU
		{4B2044AF-7610-47D1-BB3B-75817F71B8D7}.Debug|Any CPU.Build.0 = Debug|Any CPU
		{4B2044AF-7610-47D1-BB3B-75817F71B8D7}.Release|Any CPU.ActiveCfg = Release|Any CPU
		{4B2044AF-7610-47D1-BB3B-75817F71B8D7}.Release|Any CPU.Build.0 = Release|Any CPU
		{77C22984-18CF-4E68-A7F3-BF7DF2AB169A}.Debug|Any CPU.ActiveCfg = Debug|Any CPU
		{77C22984-18CF-4E68-A7F3-BF7DF2AB169A}.Debug|Any CPU.Build.0 = Debug|Any CPU
		{77C22984-18CF-4E68-A7F3-BF7DF2AB169A}.Release|Any CPU.ActiveCfg = Release|Any CPU
		{77C22984-18CF-4E68-A7F3-BF7DF2AB169A}.Release|Any CPU.Build.0 = Release|Any CPU
		{AD53A70F-59BC-4886-9A1A-DDA154037093}.Debug|Any CPU.ActiveCfg = Debug|Any CPU
		{AD53A70F-59BC-4886-9A1A-DDA154037093}.Debug|Any CPU.Build.0 = Debug|Any CPU
		{AD53A70F-59BC-4886-9A1A-DDA154037093}.Release|Any CPU.ActiveCfg = Release|Any CPU
		{AD53A70F-59BC-4886-9A1A-DDA154037093}.Release|Any CPU.Build.0 = Release|Any CPU
		{9096AE87-0820-45AE-BB14-52E0266B12FB}.Debug|Any CPU.ActiveCfg = Debug|Any CPU
		{9096AE87-0820-45AE-BB14-52E0266B12FB}.Debug|Any CPU.Build.0 = Debug|Any CPU
		{9096AE87-0820-45AE-BB14-52E0266B12FB}.Release|Any CPU.ActiveCfg = Release|Any CPU
		{9096AE87-0820-45AE-BB14-52E0266B12FB}.Release|Any CPU.Build.0 = Release|Any CPU
		{A130C897-7653-4EC2-9BCA-F25E8CAB5316}.Debug|Any CPU.ActiveCfg = Debug|Any CPU
		{A130C897-7653-4EC2-9BCA-F25E8CAB5316}.Debug|Any CPU.Build.0 = Debug|Any CPU
		{A130C897-7653-4EC2-9BCA-F25E8CAB5316}.Release|Any CPU.ActiveCfg = Release|Any CPU
		{A130C897-7653-4EC2-9BCA-F25E8CAB5316}.Release|Any CPU.Build.0 = Release|Any CPU
		{FB872EC6-DA5A-4EAA-A97E-E77CCEFD64F3}.Debug|Any CPU.ActiveCfg = Debug|Any CPU
		{FB872EC6-DA5A-4EAA-A97E-E77CCEFD64F3}.Debug|Any CPU.Build.0 = Debug|Any CPU
		{FB872EC6-DA5A-4EAA-A97E-E77CCEFD64F3}.Release|Any CPU.ActiveCfg = Release|Any CPU
		{FB872EC6-DA5A-4EAA-A97E-E77CCEFD64F3}.Release|Any CPU.Build.0 = Release|Any CPU
		{99D0439D-6453-4F5A-8498-27080D380535}.Debug|Any CPU.ActiveCfg = Debug|Any CPU
		{99D0439D-6453-4F5A-8498-27080D380535}.Debug|Any CPU.Build.0 = Debug|Any CPU
		{99D0439D-6453-4F5A-8498-27080D380535}.Release|Any CPU.ActiveCfg = Release|Any CPU
		{99D0439D-6453-4F5A-8498-27080D380535}.Release|Any CPU.Build.0 = Release|Any CPU
		{BEC2C392-D0DB-4E90-B9F4-8BB0CBF5AA38}.Debug|Any CPU.ActiveCfg = Debug|Any CPU
		{BEC2C392-D0DB-4E90-B9F4-8BB0CBF5AA38}.Debug|Any CPU.Build.0 = Debug|Any CPU
		{BEC2C392-D0DB-4E90-B9F4-8BB0CBF5AA38}.Release|Any CPU.ActiveCfg = Release|Any CPU
		{BEC2C392-D0DB-4E90-B9F4-8BB0CBF5AA38}.Release|Any CPU.Build.0 = Release|Any CPU
		{58C50F01-9BBF-4968-96F1-F16DF4DCD9C4}.Debug|Any CPU.ActiveCfg = Debug|Any CPU
		{58C50F01-9BBF-4968-96F1-F16DF4DCD9C4}.Debug|Any CPU.Build.0 = Debug|Any CPU
		{58C50F01-9BBF-4968-96F1-F16DF4DCD9C4}.Release|Any CPU.ActiveCfg = Release|Any CPU
		{58C50F01-9BBF-4968-96F1-F16DF4DCD9C4}.Release|Any CPU.Build.0 = Release|Any CPU
	EndGlobalSection
	GlobalSection(SolutionProperties) = preSolution
		HideSolutionNode = FALSE
	EndGlobalSection
EndGlobal
