
Microsoft Visual Studio Solution File, Format Version 12.00
# Visual Studio 2013
VisualStudioVersion = 12.0.21005.1
MinimumVisualStudioVersion = 10.0.40219.1
Project("{FAE04EC0-301F-11D3-BF4B-00C04F79EFBC}") = "01.SquareRoot", "01.SquareRoot\01.SquareRoot.csproj", "{4CFEEEEE-2AEA-4D7D-B8E6-15E5E675DE9E}"
EndProject
Project("{FAE04EC0-301F-11D3-BF4B-00C04F79EFBC}") = "02.ReadNumberMethod", "02.ReadNumberMethod\02.ReadNumberMethod.csproj", "{969FBA44-BEBB-42CF-AD81-147BB55C6DD4}"
EndProject
Project("{FAE04EC0-301F-11D3-BF4B-00C04F79EFBC}") = "04.DownloadFileFromInternet", "04.DownloadFileFromInternet\04.DownloadFileFromInternet.csproj", "{4093EB92-23BD-4C46-A948-98B0E50D78B1}"
EndProject
Project("{FAE04EC0-301F-11D3-BF4B-00C04F79EFBC}") = "03.ReadFile", "03.ReadFile\03.ReadFile.csproj", "{76EB56D1-FBFC-41B1-B5D2-3B8295F50E4D}"
EndProject
Global
	GlobalSection(SolutionConfigurationPlatforms) = preSolution
		Debug|Any CPU = Debug|Any CPU
		Release|Any CPU = Release|Any CPU
	EndGlobalSection
	GlobalSection(ProjectConfigurationPlatforms) = postSolution
		{4CFEEEEE-2AEA-4D7D-B8E6-15E5E675DE9E}.Debug|Any CPU.ActiveCfg = Debug|Any CPU
		{4CFEEEEE-2AEA-4D7D-B8E6-15E5E675DE9E}.Debug|Any CPU.Build.0 = Debug|Any CPU
		{4CFEEEEE-2AEA-4D7D-B8E6-15E5E675DE9E}.Release|Any CPU.ActiveCfg = Release|Any CPU
		{4CFEEEEE-2AEA-4D7D-B8E6-15E5E675DE9E}.Release|Any CPU.Build.0 = Release|Any CPU
		{969FBA44-BEBB-42CF-AD81-147BB55C6DD4}.Debug|Any CPU.ActiveCfg = Debug|Any CPU
		{969FBA44-BEBB-42CF-AD81-147BB55C6DD4}.Debug|Any CPU.Build.0 = Debug|Any CPU
		{969FBA44-BEBB-42CF-AD81-147BB55C6DD4}.Release|Any CPU.ActiveCfg = Release|Any CPU
		{969FBA44-BEBB-42CF-AD81-147BB55C6DD4}.Release|Any CPU.Build.0 = Release|Any CPU
		{4093EB92-23BD-4C46-A948-98B0E50D78B1}.Debug|Any CPU.ActiveCfg = Debug|Any CPU
		{4093EB92-23BD-4C46-A948-98B0E50D78B1}.Debug|Any CPU.Build.0 = Debug|Any CPU
		{4093EB92-23BD-4C46-A948-98B0E50D78B1}.Release|Any CPU.ActiveCfg = Release|Any CPU
		{4093EB92-23BD-4C46-A948-98B0E50D78B1}.Release|Any CPU.Build.0 = Release|Any CPU
		{76EB56D1-FBFC-41B1-B5D2-3B8295F50E4D}.Debug|Any CPU.ActiveCfg = Debug|Any CPU
		{76EB56D1-FBFC-41B1-B5D2-3B8295F50E4D}.Debug|Any CPU.Build.0 = Debug|Any CPU
		{76EB56D1-FBFC-41B1-B5D2-3B8295F50E4D}.Release|Any CPU.ActiveCfg = Release|Any CPU
		{76EB56D1-FBFC-41B1-B5D2-3B8295F50E4D}.Release|Any CPU.Build.0 = Release|Any CPU
	EndGlobalSection
	GlobalSection(SolutionProperties) = preSolution
		HideSolutionNode = FALSE
	EndGlobalSection
EndGlobal
